
Microsoft Visual Studio Solution File, Format Version 12.00
# Visual Studio Version 17
VisualStudioVersion = 17.8.34511.84
MinimumVisualStudioVersion = 10.0.40219.1
Project("{FAE04EC0-301F-11D3-BF4B-00C04F79EFBC}") = "Cells0", "Cells0\Cells0.csproj", "{C736DB74-B130-4DFF-AF85-7DE609114C52}"
EndProject
Global
	GlobalSection(SolutionConfigurationPlatforms) = preSolution
		Debug|Any CPU = Debug|Any CPU
		Release|Any CPU = Release|Any CPU
	EndGlobalSection
	GlobalSection(ProjectConfigurationPlatforms) = postSolution
		{C736DB74-B130-4DFF-AF85-7DE609114C52}.Debug|Any CPU.ActiveCfg = Debug|Any CPU
		{C736DB74-B130-4DFF-AF85-7DE609114C52}.Debug|Any CPU.Build.0 = Debug|Any CPU
		{C736DB74-B130-4DFF-AF85-7DE609114C52}.Release|Any CPU.ActiveCfg = Release|Any CPU
		{C736DB74-B130-4DFF-AF85-7DE609114C52}.Release|Any CPU.Build.0 = Release|Any CPU
	EndGlobalSection
	GlobalSection(SolutionProperties) = preSolution
		HideSolutionNode = FALSE
	EndGlobalSection
	GlobalSection(ExtensibilityGlobals) = postSolution
		SolutionGuid = {1C84F960-87F5-40F9-87DC-94B74E3853CD}
	EndGlobalSection
EndGlobal
